
Microsoft Visual Studio Solution File, Format Version 12.00
# Visual Studio Version 17
VisualStudioVersion = 17.0.31903.59
MinimumVisualStudioVersion = 10.0.40219.1
Project("{2150E333-8FDC-42A3-9474-1A3956D46DE8}") = "tests", "tests", "{B07772DC-F837-4241-8F2A-32D89124EC95}"
EndProject
Project("{FAE04EC0-301F-11D3-BF4B-00C04F79EFBC}") = "TestFrameworkBoilerplate.Tests.WireMock", "TestFrameworkBoilerplate.Tests.WireMock\TestFrameworkBoilerplate.Tests.WireMock.csproj", "{B490A464-5333-4329-85EA-B7D36BDF7812}"
EndProject
Global
	GlobalSection(SolutionConfigurationPlatforms) = preSolution
		Debug|Any CPU = Debug|Any CPU
		Release|Any CPU = Release|Any CPU
	EndGlobalSection
	GlobalSection(SolutionProperties) = preSolution
		HideSolutionNode = FALSE
	EndGlobalSection
	GlobalSection(NestedProjects) = preSolution
	EndGlobalSection
	GlobalSection(ProjectConfigurationPlatforms) = postSolution
		{B490A464-5333-4329-85EA-B7D36BDF7812}.Debug|Any CPU.ActiveCfg = Debug|Any CPU
		{B490A464-5333-4329-85EA-B7D36BDF7812}.Debug|Any CPU.Build.0 = Debug|Any CPU
		{B490A464-5333-4329-85EA-B7D36BDF7812}.Release|Any CPU.ActiveCfg = Release|Any CPU
		{B490A464-5333-4329-85EA-B7D36BDF7812}.Release|Any CPU.Build.0 = Release|Any CPU
	EndGlobalSection
EndGlobal
